
Microsoft Visual Studio Solution File, Format Version 12.00
Project("{FAE04EC0-301F-11D3-BF4B-00C04F79EFBC}") = "Boggle", "Boggle\Boggle.csproj", "{347812F8-D698-4190-B71B-2BFD3AEE0117}"
EndProject
Global
	GlobalSection(SolutionConfigurationPlatforms) = preSolution
		Debug|Any CPU = Debug|Any CPU
		Release|Any CPU = Release|Any CPU
	EndGlobalSection
	GlobalSection(ProjectConfigurationPlatforms) = postSolution
		{347812F8-D698-4190-B71B-2BFD3AEE0117}.Debug|Any CPU.ActiveCfg = Debug|Any CPU
		{347812F8-D698-4190-B71B-2BFD3AEE0117}.Debug|Any CPU.Build.0 = Debug|Any CPU
		{347812F8-D698-4190-B71B-2BFD3AEE0117}.Release|Any CPU.ActiveCfg = Release|Any CPU
		{347812F8-D698-4190-B71B-2BFD3AEE0117}.Release|Any CPU.Build.0 = Release|Any CPU
	EndGlobalSection
EndGlobal
